PODS:
  - Flutter (1.0.0)
  - secure_app_switcher (0.0.1):
    - Flutter

DEPENDENCIES:
  - Flutter (from `Flutter`)
  - secure_app_switcher (from `.symlinks/plugins/secure_app_switcher/ios`)

EXTERNAL SOURCES:
  Flutter:
    :path: Flutter
  secure_app_switcher:
    :path: ".symlinks/plugins/secure_app_switcher/ios"

SPEC CHECKSUMS:
  Flutter: e0871f40cf51350855a761d2e70bf5af5b9b5de7
  secure_app_switcher: 25e7b885d73c1b51a3a24596f55e472edff24d71

PODFILE CHECKSUM: c4c93c5f6502fe2754f48404d3594bf779584011

COCOAPODS: 1.16.2
